
Microsoft Visual Studio Solution File, Format Version 12.00
# Visual Studio Version 16
VisualStudioVersion = 16.0.31321.278
MinimumVisualStudioVersion = 10.0.40219.1
Project("{2150E333-8FDC-42A3-9474-1A3956D46DE8}") = "BusinessLogicLayer", "BusinessLogicLayer", "{0D32A007-1016-4F22-AB25-8FCEDA9014A4}"
EndProject
Project("{2150E333-8FDC-42A3-9474-1A3956D46DE8}") = "Common", "Common", "{B7569BBC-899F-4A3A-9A26-A0735529A546}"
EndProject
Project("{2150E333-8FDC-42A3-9474-1A3956D46DE8}") = "DataAccessLayer", "DataAccessLayer", "{F9B69DE5-02B8-430E-974B-55873783BD1E}"
EndProject
Project("{2150E333-8FDC-42A3-9474-1A3956D46DE8}") = "PresentationLayer", "PresentationLayer", "{83F4E648-EFE6-44DF-866E-C98AA4885E5B}"
EndProject
Project("{FAE04EC0-301F-11D3-BF4B-00C04F79EFBC}") = "Hello.Model", "Hello.Model\Hello.Model.csproj", "{9F59B47B-2C76-4BAD-A72F-6C281B44326F}"
EndProject
Project("{FAE04EC0-301F-11D3-BF4B-00C04F79EFBC}") = "Hello.IDAL", "Hello.IDAL\Hello.IDAL.csproj", "{7F646185-C22B-4F28-A0FC-056E21CD7CFF}"
EndProject
Project("{FAE04EC0-301F-11D3-BF4B-00C04F79EFBC}") = "Hello.MSSQL.DAL", "Hello.MSSQL.DAL\Hello.MSSQL.DAL.csproj", "{913986ED-2195-4957-AAEE-061BDCAE18F2}"
EndProject
Project("{FAE04EC0-301F-11D3-BF4B-00C04F79EFBC}") = "Hello.Oracle.DAL", "Hello.Oracle.DAL\Hello.Oracle.DAL.csproj", "{F372F67D-4F03-4249-A0C0-8624D0D33B6B}"
EndProject
Project("{FAE04EC0-301F-11D3-BF4B-00C04F79EFBC}") = "Hello.BLL", "Hello.BLL\Hello.BLL.csproj", "{3FCBC9C4-AB4A-4387-8FD0-2018C39B58DA}"
EndProject
Project("{FAE04EC0-301F-11D3-BF4B-00C04F79EFBC}") = "Hello.MVC", "Hello.MVC\Hello.MVC.csproj", "{AB6E532C-ABD3-4412-B1F5-BAC44284732D}"
EndProject
Global
	GlobalSection(SolutionConfigurationPlatforms) = preSolution
		Debug|Any CPU = Debug|Any CPU
		Release|Any CPU = Release|Any CPU
	EndGlobalSection
	GlobalSection(ProjectConfigurationPlatforms) = postSolution
		{9F59B47B-2C76-4BAD-A72F-6C281B44326F}.Debug|Any CPU.ActiveCfg = Debug|Any CPU
		{9F59B47B-2C76-4BAD-A72F-6C281B44326F}.Debug|Any CPU.Build.0 = Debug|Any CPU
		{9F59B47B-2C76-4BAD-A72F-6C281B44326F}.Release|Any CPU.ActiveCfg = Release|Any CPU
		{9F59B47B-2C76-4BAD-A72F-6C281B44326F}.Release|Any CPU.Build.0 = Release|Any CPU
		{7F646185-C22B-4F28-A0FC-056E21CD7CFF}.Debug|Any CPU.ActiveCfg = Debug|Any CPU
		{7F646185-C22B-4F28-A0FC-056E21CD7CFF}.Debug|Any CPU.Build.0 = Debug|Any CPU
		{7F646185-C22B-4F28-A0FC-056E21CD7CFF}.Release|Any CPU.ActiveCfg = Release|Any CPU
		{7F646185-C22B-4F28-A0FC-056E21CD7CFF}.Release|Any CPU.Build.0 = Release|Any CPU
		{913986ED-2195-4957-AAEE-061BDCAE18F2}.Debug|Any CPU.ActiveCfg = Debug|Any CPU
		{913986ED-2195-4957-AAEE-061BDCAE18F2}.Debug|Any CPU.Build.0 = Debug|Any CPU
		{913986ED-2195-4957-AAEE-061BDCAE18F2}.Release|Any CPU.ActiveCfg = Release|Any CPU
		{913986ED-2195-4957-AAEE-061BDCAE18F2}.Release|Any CPU.Build.0 = Release|Any CPU
		{F372F67D-4F03-4249-A0C0-8624D0D33B6B}.Debug|Any CPU.ActiveCfg = Debug|Any CPU
		{F372F67D-4F03-4249-A0C0-8624D0D33B6B}.Debug|Any CPU.Build.0 = Debug|Any CPU
		{F372F67D-4F03-4249-A0C0-8624D0D33B6B}.Release|Any CPU.ActiveCfg = Release|Any CPU
		{F372F67D-4F03-4249-A0C0-8624D0D33B6B}.Release|Any CPU.Build.0 = Release|Any CPU
		{3FCBC9C4-AB4A-4387-8FD0-2018C39B58DA}.Debug|Any CPU.ActiveCfg = Debug|Any CPU
		{3FCBC9C4-AB4A-4387-8FD0-2018C39B58DA}.Debug|Any CPU.Build.0 = Debug|Any CPU
		{3FCBC9C4-AB4A-4387-8FD0-2018C39B58DA}.Release|Any CPU.ActiveCfg = Release|Any CPU
		{3FCBC9C4-AB4A-4387-8FD0-2018C39B58DA}.Release|Any CPU.Build.0 = Release|Any CPU
		{AB6E532C-ABD3-4412-B1F5-BAC44284732D}.Debug|Any CPU.ActiveCfg = Debug|Any CPU
		{AB6E532C-ABD3-4412-B1F5-BAC44284732D}.Debug|Any CPU.Build.0 = Debug|Any CPU
		{AB6E532C-ABD3-4412-B1F5-BAC44284732D}.Release|Any CPU.ActiveCfg = Release|Any CPU
		{AB6E532C-ABD3-4412-B1F5-BAC44284732D}.Release|Any CPU.Build.0 = Release|Any CPU
	EndGlobalSection
	GlobalSection(SolutionProperties) = preSolution
		HideSolutionNode = FALSE
	EndGlobalSection
	GlobalSection(NestedProjects) = preSolution
		{9F59B47B-2C76-4BAD-A72F-6C281B44326F} = {B7569BBC-899F-4A3A-9A26-A0735529A546}
		{7F646185-C22B-4F28-A0FC-056E21CD7CFF} = {F9B69DE5-02B8-430E-974B-55873783BD1E}
		{913986ED-2195-4957-AAEE-061BDCAE18F2} = {F9B69DE5-02B8-430E-974B-55873783BD1E}
		{F372F67D-4F03-4249-A0C0-8624D0D33B6B} = {F9B69DE5-02B8-430E-974B-55873783BD1E}
		{3FCBC9C4-AB4A-4387-8FD0-2018C39B58DA} = {0D32A007-1016-4F22-AB25-8FCEDA9014A4}
		{AB6E532C-ABD3-4412-B1F5-BAC44284732D} = {83F4E648-EFE6-44DF-866E-C98AA4885E5B}
	EndGlobalSection
	GlobalSection(ExtensibilityGlobals) = postSolution
		SolutionGuid = {98AAE322-F04D-4854-9D95-2F1DD7F1BFEB}
	EndGlobalSection
EndGlobal
